// !$*UTF8*$!
{
	archiveVersion = 1;
	classes = {
	};
	objectVersion = 48;
	objects = {

/* Begin PBXBuildFile section */
		332B2B9E200C74FA00A6104C /* AppDelegate.swift in Sources */ = {isa = PBXBuildFile; fileRef = 332B2B9D200C74FA00A6104C /* AppDelegate.swift */; };
		332B2BA0200C74FA00A6104C /* ViewController.swift in Sources */ = {isa = PBXBuildFile; fileRef = 332B2B9F200C74FA00A6104C /* ViewController.swift */; };
		332B2BA3200C74FA00A6104C /* Main.storyboard in Resources */ = {isa = PBXBuildFile; fileRef = 332B2BA1200C74FA00A6104C /* Main.storyboard */; };
		332B2BA5200C74FA00A6104C /* Assets.xcassets in Resources */ = {isa = PBXBuildFile; fileRef = 332B2BA4200C74FA00A6104C /* Assets.xcassets */; };
		332B2BA8200C74FA00A6104C /* LaunchScreen.storyboard in Resources */ = {isa = PBXBuildFile; fileRef = 332B2BA6200C74FA00A6104C /* LaunchScreen.storyboard */; };
		332B2BB0200C754100A6104C /* mathFunction.swift in Sources */ = {isa = PBXBuildFile; fileRef = 332B2BAF200C754100A6104C /* mathFunction.swift */; };
		332B2BB2200C81CC00A6104C /* unitConvert.swift in Sources */ = {isa = PBXBuildFile; fileRef = 332B2BB1200C81CC00A6104C /* unitConvert.swift */; };
		332B2BB4200C99DF00A6104C /* stringUtil.swift in Sources */ = {isa = PBXBuildFile; fileRef = 332B2BB3200C99DF00A6104C /* stringUtil.swift */; };
/* End PBXBuildFile section */

/* Begin PBXFileReference section */
		332B2B9A200C74FA00A6104C /* funcTest.app */ = {isa = PBXFileReference; explicitFileType = wrapper.application; includeInIndex = 0; path = funcTest.app; sourceTree = BUILT_PRODUCTS_DIR; };
		332B2B9D200C74FA00A6104C /* AppDelegate.swift */ = {isa = PBXFileReference; lastKnownFileType = sourcecode.swift; path = AppDelegate.swift; sourceTree = "<group>"; };
		332B2B9F200C74FA00A6104C /* ViewController.swift */ = {isa = PBXFileReference; lastKnownFileType = sourcecode.swift; path = ViewController.swift; sourceTree = "<group>"; };
		332B2BA2200C74FA00A6104C /* Base */ = {isa = PBXFileReference; lastKnownFileType = file.storyboard; name = Base; path = Base.lproj/Main.storyboard; sourceTree = "<group>"; };
		332B2BA4200C74FA00A6104C /* Assets.xcassets */ = {isa = PBXFileReference; lastKnownFileType = folder.assetcatalog; path = Assets.xcassets; sourceTree = "<group>"; };
		332B2BA7200C74FA00A6104C /* Base */ = {isa = PBXFileReference; lastKnownFileType = file.storyboard; name = Base; path = Base.lproj/LaunchScreen.storyboard; sourceTree = "<group>"; };
		332B2BA9200C74FA00A6104C /* Info.plist */ = {isa = PBXFileReference; lastKnownFileType = text.plist.xml; path = Info.plist; sourceTree = "<group>"; };
		332B2BAF200C754100A6104C /* mathFunction.swift */ = {isa = PBXFileReference; lastKnownFileType = sourcecode.swift; path = mathFunction.swift; sourceTree = "<group>"; };
		332B2BB1200C81CC00A6104C /* unitConvert.swift */ = {isa = PBXFileReference; lastKnownFileType = sourcecode.swift; path = unitConvert.swift; sourceTree = "<group>"; };
		332B2BB3200C99DF00A6104C /* stringUtil.swift */ = {isa = PBXFileReference; lastKnownFileType = sourcecode.swift; path = stringUtil.swift; sourceTree = "<group>"; };
/* End PBXFileReference section */

/* Begin PBXFrameworksBuildPhase section */
		332B2B97200C74FA00A6104C /* Frameworks */ = {
			isa = PBXFrameworksBuildPhase;
			buildActionMask = 2147483647;
			files = (
			);
			runOnlyForDeploymentPostprocessing = 0;
		};
/* End PBXFrameworksBuildPhase section */

/* Begin PBXGroup section */
		332B2B91200C74FA00A6104C = {
			isa = PBXGroup;
			children = (
				332B2B9C200C74FA00A6104C /* funcTest */,
				332B2B9B200C74FA00A6104C /* Products */,
			);
			sourceTree = "<group>";
		};
		332B2B9B200C74FA00A6104C /* Products */ = {
			isa = PBXGroup;
			children = (
				332B2B9A200C74FA00A6104C /* funcTest.app */,
			);
			name = Products;
			sourceTree = "<group>";
		};
		332B2B9C200C74FA00A6104C /* funcTest */ = {
			isa = PBXGroup;
			children = (
				332B2B9D200C74FA00A6104C /* AppDelegate.swift */,
				332B2B9F200C74FA00A6104C /* ViewController.swift */,
				332B2BAF200C754100A6104C /* mathFunction.swift */,
				332B2BB1200C81CC00A6104C /* unitConvert.swift */,
				332B2BA1200C74FA00A6104C /* Main.storyboard */,
				332B2BA4200C74FA00A6104C /* Assets.xcassets */,
				332B2BA6200C74FA00A6104C /* LaunchScreen.storyboard */,
				332B2BA9200C74FA00A6104C /* Info.plist */,
				332B2BB3200C99DF00A6104C /* stringUtil.swift */,
			);
			path = funcTest;
			sourceTree = "<group>";
		};
/* End PBXGroup section */

/* Begin PBXNativeTarget section */
		332B2B99200C74FA00A6104C /* funcTest */ = {
			isa = PBXNativeTarget;
			buildConfigurationList = 332B2BAC200C74FA00A6104C /* Build configuration list for PBXNativeTarget "funcTest" */;
			buildPhases = (
				332B2B96200C74FA00A6104C /* Sources */,
				332B2B97200C74FA00A6104C /* Frameworks */,
				332B2B98200C74FA00A6104C /* Resources */,
			);
			buildRules = (
			);
			dependencies = (
			);
			name = funcTest;
			productName = funcTest;
			productReference = 332B2B9A200C74FA00A6104C /* funcTest.app */;
			productType = "com.apple.product-type.application";
		};
/* End PBXNativeTarget section */

/* Begin PBXProject section */
		332B2B92200C74FA00A6104C /* Project object */ = {
			isa = PBXProject;
			attributes = {
				LastSwiftUpdateCheck = 0900;
				LastUpgradeCheck = 0900;
				ORGANIZATIONNAME = BitroHan;
				TargetAttributes = {
					332B2B99200C74FA00A6104C = {
						CreatedOnToolsVersion = 9.0.1;
						ProvisioningStyle = Automatic;
					};
				};
			};
			buildConfigurationList = 332B2B95200C74FA00A6104C /* Build configuration list for PBXProject "funcTest" */;
			compatibilityVersion = "Xcode 8.0";
			developmentRegion = en;
			hasScannedForEncodings = 0;
			knownRegions = (
				en,
				Base,
			);
			mainGroup = 332B2B91200C74FA00A6104C;
			productRefGroup = 332B2B9B200C74FA00A6104C /* Products */;
			projectDirPath = "";
			projectRoot = "";
			targets = (
				332B2B99200C74FA00A6104C /* funcTest */,
			);
		};
/* End PBXProject section */

/* Begin PBXResourcesBuildPhase section */
		332B2B98200C74FA00A6104C /* Resources */ = {
			isa = PBXResourcesBuildPhase;
			buildActionMask = 2147483647;
			files = (
				332B2BA8200C74FA00A6104C /* LaunchScreen.storyboard in Resources */,
				332B2BA5200C74FA00A6104C /* Assets.xcassets in Resources */,
				332B2BA3200C74FA00A6104C /* Main.storyboard in Resources */,
			);
			runOnlyForDeploymentPostprocessing = 0;
		};
/* End PBXResourcesBuildPhase section */

/* Begin PBXSourcesBuildPhase section */
		332B2B96200C74FA00A6104C /* Sources */ = {
			isa = PBXSourcesBuildPhase;
			buildActionMask = 2147483647;
			files = (
				332B2BA0200C74FA00A6104C /* ViewController.swift in Sources */,
				332B2BB2200C81CC00A6104C /* unitConvert.swift in Sources */,
				332B2BB4200C99DF00A6104C /* stringUtil.swift in Sources */,
				332B2BB0200C754100A6104C /* mathFunction.swift in Sources */,
				332B2B9E200C74FA00A6104C /* AppDelegate.swift in Sources */,
			);
			runOnlyForDeploymentPostprocessing = 0;
		};
/* End PBXSourcesBuildPhase section */

/* Begin PBXVariantGroup section */
		332B2BA1200C74FA00A6104C /* Main.storyboard */ = {
			isa = PBXVariantGroup;
			children = (
				332B2BA2200C74FA00A6104C /* Base */,
			);
			name = Main.storyboard;
			sourceTree = "<group>";
		};
		332B2BA6200C74FA00A6104C /* LaunchScreen.storyboard */ = {
			isa = PBXVariantGroup;
			children = (
				332B2BA7200C74FA00A6104C /* Base */,
			);
			name = LaunchScreen.storyboard;
			sourceTree = "<group>";
		};
/* End PBXVariantGroup section */

/* Begin XCBuildConfiguration section */
		332B2BAA200C74FA00A6104C /* Debug */ = {
			isa = XCBuildConfiguration;
			buildSettings = {
				ALWAYS_SEARCH_USER_PATHS = NO;
				CLANG_ANALYZER_NONNULL = YES;
				CLANG_ANALYZER_NUMBER_OBJECT_CONVERSION = YES_AGGRESSIVE;
				CLANG_CXX_LANGUAGE_STANDARD = "gnu++14";
				CLANG_CXX_LIBRARY = "libc++";
				CLANG_ENABLE_MODULES = YES;
				CLANG_ENABLE_OBJC_ARC = YES;
				CLANG_WARN_BLOCK_CAPTURE_AUTORELEASING = YES;
				CLANG_WARN_BOOL_CONVERSION = YES;
				CLANG_WARN_COMMA = YES;
				CLANG_WARN_CONSTANT_CONVERSION = YES;
				CLANG_WARN_DIRECT_OBJC_ISA_USAGE = YES_ERROR;
				CLANG_WARN_DOCUMENTATION_COMMENTS = YES;
				CLANG_WARN_EMPTY_BODY = YES;
				CLANG_WARN_ENUM_CONVERSION = YES;
				CLANG_WARN_INFINITE_RECURSION = YES;
				CLANG_WARN_INT_CONVERSION = YES;
				CLANG_WARN_NON_LITERAL_NULL_CONVERSION = YES;
				CLANG_WARN_OBJC_LITERAL_CONVERSION = YES;
				CLANG_WARN_OBJC_ROOT_CLASS = YES_ERROR;
				CLANG_WARN_RANGE_LOOP_ANALYSIS = YES;
				CLANG_WARN_STRICT_PROTOTYPES = YES;
				CLANG_WARN_SUSPICIOUS_MOVE = YES;
				CLANG_WARN_UNGUARDED_AVAILABILITY = YES_AGGRESSIVE;
				CLANG_WARN_UNREACHABLE_CODE = YES;
				CLANG_WARN__DUPLICATE_METHOD_MATCH = YES;
				CODE_SIGN_IDENTITY = "iPhone Developer";
				COPY_PHASE_STRIP = NO;
				DEBUG_INFORMATION_FORMAT = dwarf;
				ENABLE_STRICT_OBJC_MSGSEND = YES;
				ENABLE_TESTABILITY = YES;
				GCC_C_LANGUAGE_STANDARD = gnu11;
				GCC_DYNAMIC_NO_PIC = NO;
				GCC_NO_COMMON_BLOCKS = YES;
				GCC_OPTIMIZATION_LEVEL = 0;
				GCC_PREPROCESSOR_DEFINITIONS = (
					"DEBUG=1",
					"$(inherited)",
				);
				GCC_WARN_64_TO_32_BIT_CONVERSION = YES;
				GCC_WARN_ABOUT_RETURN_TYPE = YES_ERROR;
				GCC_WARN_UNDECLARED_SELECTOR = YES;
				GCC_WARN_UNINITIALIZED_AUTOS = YES_AGGRESSIVE;
				GCC_WARN_UNUSED_FUNCTION = YES;
				GCC_WARN_UNUSED_VARIABLE = YES;
				IPHONEOS_DEPLOYMENT_TARGET = 11.0;
				MTL_ENABLE_DEBUG_INFO = YES;
				ONLY_ACTIVE_ARCH = YES;
				SDKROOT = iphoneos;
				SWIFT_ACTIVE_COMPILATION_CONDITIONS = DEBUG;
				SWIFT_OPTIMIZATION_LEVEL = "-Onone";
			};
			name = Debug;
		};
		332B2BAB200C74FA00A6104C /* Release */ = {
			isa = XCBuildConfiguration;
			buildSettings = {
				ALWAYS_SEARCH_USER_PATHS = NO;
				CLANG_ANALYZER_NONNULL = YES;
				CLANG_ANALYZER_NUMBER_OBJECT_CONVERSION = YES_AGGRESSIVE;
				CLANG_CXX_LANGUAGE_STANDARD = "gnu++14";
				CLANG_CXX_LIBRARY = "libc++";
				CLANG_ENABLE_MODULES = YES;
				CLANG_ENABLE_OBJC_ARC = YES;
				CLANG_WARN_BLOCK_CAPTURE_AUTORELEASING = YES;
				CLANG_WARN_BOOL_CONVERSION = YES;
				CLANG_WARN_COMMA = YES;
				CLANG_WARN_CONSTANT_CONVERSION = YES;
				CLANG_WARN_DIRECT_OBJC_ISA_USAGE = YES_ERROR;
				CLANG_WARN_DOCUMENTATION_COMMENTS = YES;
				CLANG_WARN_EMPTY_BODY = YES;
				CLANG_WARN_ENUM_CONVERSION = YES;
				CLANG_WARN_INFINITE_RECURSION = YES;
				CLANG_WARN_INT_CONVERSION = YES;
				CLANG_WARN_NON_LITERAL_NULL_CONVERSION = YES;
				CLANG_WARN_OBJC_LITERAL_CONVERSION = YES;
				CLANG_WARN_OBJC_ROOT_CLASS = YES_ERROR;
				CLANG_WARN_RANGE_LOOP_ANALYSIS = YES;
				CLANG_WARN_STRICT_PROTOTYPES = YES;
				CLANG_WARN_SUSPICIOUS_MOVE = YES;
				CLANG_WARN_UNGUARDED_AVAILABILITY = YES_AGGRESSIVE;
				CLANG_WARN_UNREACHABLE_CODE = YES;
				CLANG_WARN__DUPLICATE_METHOD_MATCH = YES;
				CODE_SIGN_IDENTITY = "iPhone Developer";
				COPY_PHASE_STRIP = NO;
				DEBUG_INFORMATION_FORMAT = "dwarf-with-dsym";
				ENABLE_NS_ASSERTIONS = NO;
				ENABLE_STRICT_OBJC_MSGSEND = YES;
				GCC_C_LANGUAGE_STANDARD = gnu11;
				GCC_NO_COMMON_BLOCKS = YES;
				GCC_WARN_64_TO_32_BIT_CONVERSION = YES;
				GCC_WARN_ABOUT_RETURN_TYPE = YES_ERROR;
				GCC_WARN_UNDECLARED_SELECTOR = YES;
				GCC_WARN_UNINITIALIZED_AUTOS = YES_AGGRESSIVE;
				GCC_WARN_UNUSED_FUNCTION = YES;
				GCC_WARN_UNUSED_VARIABLE = YES;
				IPHONEOS_DEPLOYMENT_TARGET = 11.0;
				MTL_ENABLE_DEBUG_INFO = NO;
				SDKROOT = iphoneos;
				SWIFT_OPTIMIZATION_LEVEL = "-Owholemodule";
				VALIDATE_PRODUCT = YES;
			};
			name = Release;
		};
		332B2BAD200C74FA00A6104C /* Debug */ = {
			isa = XCBuildConfiguration;
			buildSettings = {
				ASSETCATALOG_COMPILER_APPICON_NAME = AppIcon;
				CODE_SIGN_STYLE = Automatic;
				INFOPLIST_FILE = funcTest/Info.plist;
				LD_RUNPATH_SEARCH_PATHS = "$(inherited) @executable_path/Frameworks";
				PRODUCT_BUNDLE_IDENTIFIER = BitroHanTest.funcTest;
				PRODUCT_NAME = "$(TARGET_NAME)";
				SWIFT_VERSION = 4.0;
				TARGETED_DEVICE_FAMILY = "1,2";
			};
			name = Debug;
		};
		332B2BAE200C74FA00A6104C /* Release */ = {
			isa = XCBuildConfiguration;
			buildSettings = {
				ASSETCATALOG_COMPILER_APPICON_NAME = AppIcon;
				CODE_SIGN_STYLE = Automatic;
				INFOPLIST_FILE = funcTest/Info.plist;
				LD_RUNPATH_SEARCH_PATHS = "$(inherited) @executable_path/Frameworks";
				PRODUCT_BUNDLE_IDENTIFIER = BitroHanTest.funcTest;
				PRODUCT_NAME = "$(TARGET_NAME)";
				SWIFT_VERSION = 4.0;
				TARGETED_DEVICE_FAMILY = "1,2";
			};
			name = Release;
		};
/* End XCBuildConfiguration section */

/* Begin XCConfigurationList section */
		332B2B95200C74FA00A6104C /* Build configuration list for PBXProject "funcTest" */ = {
			isa = XCConfigurationList;
			buildConfigurations = (
				332B2BAA200C74FA00A6104C /* Debug */,
				332B2BAB200C74FA00A6104C /* Release */,
			);
			defaultConfigurationIsVisible = 0;
			defaultConfigurationName = Release;
		};
		332B2BAC200C74FA00A6104C /* Build configuration list for PBXNativeTarget "funcTest" */ = {
			isa = XCConfigurationList;
			buildConfigurations = (
				332B2BAD200C74FA00A6104C /* Debug */,
				332B2BAE200C74FA00A6104C /* Release */,
			);
			defaultConfigurationIsVisible = 0;
			defaultConfigurationName = Release;
		};
/* End XCConfigurationList section */
	};
	rootObject = 332B2B92200C74FA00A6104C /* Project object */;
}
